
Microsoft Visual Studio Solution File, Format Version 12.00
# Visual Studio Version 16
VisualStudioVersion = 16.0.29613.14
MinimumVisualStudioVersion = 10.0.40219.1
Project("{FAE04EC0-301F-11D3-BF4B-00C04F79EFBC}") = "Calculator", "Calculator.csproj", "{1BB1E48E-090D-4C01-9EA2-2EB998892B68}"
EndProject
Project("{FAE04EC0-301F-11D3-BF4B-00C04F79EFBC}") = "Calculator.Model", "..\Calculator.Model\Calculator.Model.csproj", "{74E52F58-4DAA-412B-8788-14AA4DD6667B}"
EndProject
Project("{FAE04EC0-301F-11D3-BF4B-00C04F79EFBC}") = "Calculator.Realize", "..\Calculator.Realize\Calculator.Realize.csproj", "{9DFEEC2E-5519-4CFC-92CA-ACD0624DF812}"
EndProject
Global
	GlobalSection(SolutionConfigurationPlatforms) = preSolution
		Debug|Any CPU = Debug|Any CPU
		Release|Any CPU = Release|Any CPU
	EndGlobalSection
	GlobalSection(ProjectConfigurationPlatforms) = postSolution
		{1BB1E48E-090D-4C01-9EA2-2EB998892B68}.Debug|Any CPU.ActiveCfg = Debug|Any CPU
		{1BB1E48E-090D-4C01-9EA2-2EB998892B68}.Debug|Any CPU.Build.0 = Debug|Any CPU
		{1BB1E48E-090D-4C01-9EA2-2EB998892B68}.Release|Any CPU.ActiveCfg = Release|Any CPU
		{1BB1E48E-090D-4C01-9EA2-2EB998892B68}.Release|Any CPU.Build.0 = Release|Any CPU
		{74E52F58-4DAA-412B-8788-14AA4DD6667B}.Debug|Any CPU.ActiveCfg = Debug|Any CPU
		{74E52F58-4DAA-412B-8788-14AA4DD6667B}.Debug|Any CPU.Build.0 = Debug|Any CPU
		{74E52F58-4DAA-412B-8788-14AA4DD6667B}.Release|Any CPU.ActiveCfg = Release|Any CPU
		{74E52F58-4DAA-412B-8788-14AA4DD6667B}.Release|Any CPU.Build.0 = Release|Any CPU
		{9DFEEC2E-5519-4CFC-92CA-ACD0624DF812}.Debug|Any CPU.ActiveCfg = Debug|Any CPU
		{9DFEEC2E-5519-4CFC-92CA-ACD0624DF812}.Debug|Any CPU.Build.0 = Debug|Any CPU
		{9DFEEC2E-5519-4CFC-92CA-ACD0624DF812}.Release|Any CPU.ActiveCfg = Release|Any CPU
		{9DFEEC2E-5519-4CFC-92CA-ACD0624DF812}.Release|Any CPU.Build.0 = Release|Any CPU
	EndGlobalSection
	GlobalSection(SolutionProperties) = preSolution
		HideSolutionNode = FALSE
	EndGlobalSection
	GlobalSection(ExtensibilityGlobals) = postSolution
		SolutionGuid = {BD51C770-F2A8-44D8-894A-590364929A01}
	EndGlobalSection
EndGlobal
