
Microsoft Visual Studio Solution File, Format Version 12.00
# Visual Studio Version 16
VisualStudioVersion = 16.0.29326.143
MinimumVisualStudioVersion = 10.0.40219.1
Project("{FAE04EC0-301F-11D3-BF4B-00C04F79EFBC}") = "Module4_1", "Module4_1.csproj", "{97453D42-6AD1-402C-8CE6-BBF0947E69D3}"
EndProject
Global
	GlobalSection(SolutionConfigurationPlatforms) = preSolution
		Debug|Any CPU = Debug|Any CPU
		Release|Any CPU = Release|Any CPU
	EndGlobalSection
	GlobalSection(ProjectConfigurationPlatforms) = postSolution
		{97453D42-6AD1-402C-8CE6-BBF0947E69D3}.Debug|Any CPU.ActiveCfg = Debug|Any CPU
		{97453D42-6AD1-402C-8CE6-BBF0947E69D3}.Debug|Any CPU.Build.0 = Debug|Any CPU
		{97453D42-6AD1-402C-8CE6-BBF0947E69D3}.Release|Any CPU.ActiveCfg = Release|Any CPU
		{97453D42-6AD1-402C-8CE6-BBF0947E69D3}.Release|Any CPU.Build.0 = Release|Any CPU
	EndGlobalSection
	GlobalSection(SolutionProperties) = preSolution
		HideSolutionNode = FALSE
	EndGlobalSection
	GlobalSection(ExtensibilityGlobals) = postSolution
		SolutionGuid = {4C30D476-06AF-4454-AE5E-CC11EC39E397}
	EndGlobalSection
EndGlobal
