
Microsoft Visual Studio Solution File, Format Version 12.00
# Visual Studio Version 16
VisualStudioVersion = 16.0.29613.14
MinimumVisualStudioVersion = 10.0.40219.1
Project("{FAE04EC0-301F-11D3-BF4B-00C04F79EFBC}") = "Common", "Common\Common.csproj", "{A33909CF-6121-4ED2-B62E-31609DB65E83}"
EndProject
Project("{FAE04EC0-301F-11D3-BF4B-00C04F79EFBC}") = "Bot.Commands", "Bot.Commands\Bot.Commands.csproj", "{4EAAC426-EEA9-4E8F-9AEF-D753B816C90A}"
EndProject
Project("{FAE04EC0-301F-11D3-BF4B-00C04F79EFBC}") = "Bot.TelegramBot", "Bot.TelegramBot\Bot.TelegramBot.csproj", "{AC795885-248B-4C43-B689-932516BEE589}"
EndProject
Project("{FAE04EC0-301F-11D3-BF4B-00C04F79EFBC}") = "Bot.ConsoleBot", "Bot.ConsoleBot\Bot.ConsoleBot.csproj", "{6682F723-B7AF-447E-B157-70EBE8B090DB}"
EndProject
Project("{FAE04EC0-301F-11D3-BF4B-00C04F79EFBC}") = "UI", "UI\UI.csproj", "{33192462-99C5-4D1A-8E1D-5FE8DB4D399C}"
EndProject
Global
	GlobalSection(SolutionConfigurationPlatforms) = preSolution
		Debug|Any CPU = Debug|Any CPU
		Release|Any CPU = Release|Any CPU
	EndGlobalSection
	GlobalSection(ProjectConfigurationPlatforms) = postSolution
		{A33909CF-6121-4ED2-B62E-31609DB65E83}.Debug|Any CPU.ActiveCfg = Debug|Any CPU
		{A33909CF-6121-4ED2-B62E-31609DB65E83}.Debug|Any CPU.Build.0 = Debug|Any CPU
		{A33909CF-6121-4ED2-B62E-31609DB65E83}.Release|Any CPU.ActiveCfg = Release|Any CPU
		{A33909CF-6121-4ED2-B62E-31609DB65E83}.Release|Any CPU.Build.0 = Release|Any CPU
		{4EAAC426-EEA9-4E8F-9AEF-D753B816C90A}.Debug|Any CPU.ActiveCfg = Debug|Any CPU
		{4EAAC426-EEA9-4E8F-9AEF-D753B816C90A}.Debug|Any CPU.Build.0 = Debug|Any CPU
		{4EAAC426-EEA9-4E8F-9AEF-D753B816C90A}.Release|Any CPU.ActiveCfg = Release|Any CPU
		{4EAAC426-EEA9-4E8F-9AEF-D753B816C90A}.Release|Any CPU.Build.0 = Release|Any CPU
		{AC795885-248B-4C43-B689-932516BEE589}.Debug|Any CPU.ActiveCfg = Debug|Any CPU
		{AC795885-248B-4C43-B689-932516BEE589}.Debug|Any CPU.Build.0 = Debug|Any CPU
		{AC795885-248B-4C43-B689-932516BEE589}.Release|Any CPU.ActiveCfg = Release|Any CPU
		{AC795885-248B-4C43-B689-932516BEE589}.Release|Any CPU.Build.0 = Release|Any CPU
		{6682F723-B7AF-447E-B157-70EBE8B090DB}.Debug|Any CPU.ActiveCfg = Debug|Any CPU
		{6682F723-B7AF-447E-B157-70EBE8B090DB}.Debug|Any CPU.Build.0 = Debug|Any CPU
		{6682F723-B7AF-447E-B157-70EBE8B090DB}.Release|Any CPU.ActiveCfg = Release|Any CPU
		{6682F723-B7AF-447E-B157-70EBE8B090DB}.Release|Any CPU.Build.0 = Release|Any CPU
		{33192462-99C5-4D1A-8E1D-5FE8DB4D399C}.Debug|Any CPU.ActiveCfg = Debug|Any CPU
		{33192462-99C5-4D1A-8E1D-5FE8DB4D399C}.Debug|Any CPU.Build.0 = Debug|Any CPU
		{33192462-99C5-4D1A-8E1D-5FE8DB4D399C}.Release|Any CPU.ActiveCfg = Release|Any CPU
		{33192462-99C5-4D1A-8E1D-5FE8DB4D399C}.Release|Any CPU.Build.0 = Release|Any CPU
	EndGlobalSection
	GlobalSection(SolutionProperties) = preSolution
		HideSolutionNode = FALSE
	EndGlobalSection
	GlobalSection(ExtensibilityGlobals) = postSolution
		SolutionGuid = {1130A98F-E843-4FD5-A750-F387B65530E5}
	EndGlobalSection
EndGlobal
