
Microsoft Visual Studio Solution File, Format Version 12.00
# Visual Studio Version 16
VisualStudioVersion = 16.0.29613.14
MinimumVisualStudioVersion = 10.0.40219.1
Project("{FAE04EC0-301F-11D3-BF4B-00C04F79EFBC}") = "BusinessCalculator", "BusinessCalculator.csproj", "{8F4EE559-7249-4306-AA05-821DE9A61301}"
EndProject
Project("{FAE04EC0-301F-11D3-BF4B-00C04F79EFBC}") = "DataUserModel", "..\DataOfUser\DataUserModel.csproj", "{5594BAED-A13C-4447-867F-162AEC0FD47F}"
EndProject
Project("{FAE04EC0-301F-11D3-BF4B-00C04F79EFBC}") = "DataAnaliz", "..\DataAnaliz\DataAnaliz.csproj", "{D9A993F9-949D-48B1-95F1-51390A84CA10}"
EndProject
Project("{FAE04EC0-301F-11D3-BF4B-00C04F79EFBC}") = "FirstCode", "..\FirstCode\FirstCode.csproj", "{13D7AE6A-902C-449D-A10E-D0EA9DD85055}"
EndProject
Global
	GlobalSection(SolutionConfigurationPlatforms) = preSolution
		Debug|Any CPU = Debug|Any CPU
		Release|Any CPU = Release|Any CPU
	EndGlobalSection
	GlobalSection(ProjectConfigurationPlatforms) = postSolution
		{8F4EE559-7249-4306-AA05-821DE9A61301}.Debug|Any CPU.ActiveCfg = Debug|Any CPU
		{8F4EE559-7249-4306-AA05-821DE9A61301}.Debug|Any CPU.Build.0 = Debug|Any CPU
		{8F4EE559-7249-4306-AA05-821DE9A61301}.Release|Any CPU.ActiveCfg = Release|Any CPU
		{8F4EE559-7249-4306-AA05-821DE9A61301}.Release|Any CPU.Build.0 = Release|Any CPU
		{5594BAED-A13C-4447-867F-162AEC0FD47F}.Debug|Any CPU.ActiveCfg = Debug|Any CPU
		{5594BAED-A13C-4447-867F-162AEC0FD47F}.Debug|Any CPU.Build.0 = Debug|Any CPU
		{5594BAED-A13C-4447-867F-162AEC0FD47F}.Release|Any CPU.ActiveCfg = Release|Any CPU
		{5594BAED-A13C-4447-867F-162AEC0FD47F}.Release|Any CPU.Build.0 = Release|Any CPU
		{D9A993F9-949D-48B1-95F1-51390A84CA10}.Debug|Any CPU.ActiveCfg = Debug|Any CPU
		{D9A993F9-949D-48B1-95F1-51390A84CA10}.Debug|Any CPU.Build.0 = Debug|Any CPU
		{D9A993F9-949D-48B1-95F1-51390A84CA10}.Release|Any CPU.ActiveCfg = Release|Any CPU
		{D9A993F9-949D-48B1-95F1-51390A84CA10}.Release|Any CPU.Build.0 = Release|Any CPU
		{13D7AE6A-902C-449D-A10E-D0EA9DD85055}.Debug|Any CPU.ActiveCfg = Debug|Any CPU
		{13D7AE6A-902C-449D-A10E-D0EA9DD85055}.Debug|Any CPU.Build.0 = Debug|Any CPU
		{13D7AE6A-902C-449D-A10E-D0EA9DD85055}.Release|Any CPU.ActiveCfg = Release|Any CPU
		{13D7AE6A-902C-449D-A10E-D0EA9DD85055}.Release|Any CPU.Build.0 = Release|Any CPU
	EndGlobalSection
	GlobalSection(SolutionProperties) = preSolution
		HideSolutionNode = FALSE
	EndGlobalSection
	GlobalSection(ExtensibilityGlobals) = postSolution
		SolutionGuid = {C2979398-A485-49EE-AD90-751D8AAB9CB8}
	EndGlobalSection
EndGlobal
